
Microsoft Visual Studio Solution File, Format Version 12.00
# Visual Studio Version 17
VisualStudioVersion = 17.7.34221.43
MinimumVisualStudioVersion = 10.0.40219.1
Project("{9A19103F-16F7-4668-BE54-9A1E7A4F7556}") = "SF.Mod36.WPF_MVVM", "SF.Mod36.WPF_WVVM\SF.Mod36.WPF_MVVM.csproj", "{8D720434-C436-4E56-83CB-074C31D41196}"
EndProject
Global
	GlobalSection(SolutionConfigurationPlatforms) = preSolution
		Debug|Any CPU = Debug|Any CPU
		Release|Any CPU = Release|Any CPU
	EndGlobalSection
	GlobalSection(ProjectConfigurationPlatforms) = postSolution
		{8D720434-C436-4E56-83CB-074C31D41196}.Debug|Any CPU.ActiveCfg = Debug|Any CPU
		{8D720434-C436-4E56-83CB-074C31D41196}.Debug|Any CPU.Build.0 = Debug|Any CPU
		{8D720434-C436-4E56-83CB-074C31D41196}.Release|Any CPU.ActiveCfg = Release|Any CPU
		{8D720434-C436-4E56-83CB-074C31D41196}.Release|Any CPU.Build.0 = Release|Any CPU
	EndGlobalSection
	GlobalSection(SolutionProperties) = preSolution
		HideSolutionNode = FALSE
	EndGlobalSection
	GlobalSection(ExtensibilityGlobals) = postSolution
		SolutionGuid = {1BCF7443-D9D5-4FF4-929C-254DAC26E0DE}
	EndGlobalSection
EndGlobal
